{
    "name": "handoff",
    "version": "1.0.0",
    "lockfileVersion": 1,
    "requires": true,
    "dependencies": {
        "ansicolors": {
            "version": "0.2.1",
            "resolved": "https://registry.npmjs.org/ansicolors/-/ansicolors-0.2.1.tgz",
            "integrity": "sha1-vgiVmQl7dKXJxKhKDNvNtivYeu8="
        },
        "async": {
            "version": "2.6.3",
            "resolved": "https://registry.npmjs.org/async/-/async-2.6.3.tgz",
            "integrity": "sha512-zflvls11DCy+dQWzTW2dzuilv8Z5X/pjfmZOWba6TNIVDm+2UDaJmXSOXlasHKfNBs8oo3M0aT50fDEWfKZjXg==",
            "requires": {
                "lodash": "^4.17.14"
            }
        },
        "cardinal": {
            "version": "1.0.0",
            "resolved": "https://registry.npmjs.org/cardinal/-/cardinal-1.0.0.tgz",
            "integrity": "sha1-UOIcGwqjdyn5N33vGWtanOyTLuk=",
            "requires": {
                "ansicolors": "~0.2.1",
                "redeyed": "~1.0.0"
            }
        },
        "commander": {
            "version": "2.20.0",
            "resolved": "https://registry.npmjs.org/commander/-/commander-2.20.0.tgz",
            "integrity": "sha512-7j2y+40w61zy6YC2iRNpUe/NwhNyoXrYpHMrSunaMG64nRnaf96zO/KMQR4OyN/UnE5KLyEBnKHd4aG3rskjpQ=="
        },
        "csv-parse": {
            "version": "2.5.0",
            "resolved": "https://registry.npmjs.org/csv-parse/-/csv-parse-2.5.0.tgz",
            "integrity": "sha512-4OcjOJQByI0YDU5COYw9HAqjo8/MOLLmT9EKyMCXUzgvh30vS1SlMK+Ho84IH5exN44cSnrYecw/7Zpu2m4lkA=="
        },
        "d3": {
            "version": "5.11.0",
            "resolved": "https://registry.npmjs.org/d3/-/d3-5.11.0.tgz",
            "integrity": "sha512-LXgMVUAEAzQh6WfEEOa8tJX4RA64ZJ6twC3CJ+Xzid+fXWLTZkkglagXav/eOoQgzQi5rzV0xC4Sfspd6hFDHA==",
            "requires": {
                "d3-array": "1",
                "d3-axis": "1",
                "d3-brush": "1",
                "d3-chord": "1",
                "d3-collection": "1",
                "d3-color": "1",
                "d3-contour": "1",
                "d3-dispatch": "1",
                "d3-drag": "1",
                "d3-dsv": "1",
                "d3-ease": "1",
                "d3-fetch": "1",
                "d3-force": "1",
                "d3-format": "1",
                "d3-geo": "1",
                "d3-hierarchy": "1",
                "d3-interpolate": "1",
                "d3-path": "1",
                "d3-polygon": "1",
                "d3-quadtree": "1",
                "d3-random": "1",
                "d3-scale": "2",
                "d3-scale-chromatic": "1",
                "d3-selection": "1",
                "d3-shape": "1",
                "d3-time": "1",
                "d3-time-format": "2",
                "d3-timer": "1",
                "d3-transition": "1",
                "d3-voronoi": "1",
                "d3-zoom": "1"
            }
        },
        "d3-array": {
            "version": "1.2.4",
            "resolved": "https://registry.npmjs.org/d3-array/-/d3-array-1.2.4.tgz",
            "integrity": "sha512-KHW6M86R+FUPYGb3R5XiYjXPq7VzwxZ22buHhAEVG5ztoEcZZMLov530mmccaqA1GghZArjQV46fuc8kUqhhHw=="
        },
        "d3-axis": {
            "version": "1.0.12",
            "resolved": "https://registry.npmjs.org/d3-axis/-/d3-axis-1.0.12.tgz",
            "integrity": "sha512-ejINPfPSNdGFKEOAtnBtdkpr24c4d4jsei6Lg98mxf424ivoDP2956/5HDpIAtmHo85lqT4pruy+zEgvRUBqaQ=="
        },
        "d3-brush": {
            "version": "1.1.3",
            "resolved": "https://registry.npmjs.org/d3-brush/-/d3-brush-1.1.3.tgz",
            "integrity": "sha512-v8bbYyCFKjyCzFk/tdWqXwDykY8YWqhXYjcYxfILIit085VZOpj4XJKOMccTsvWxgzSLMJQg5SiqHjslsipEDg==",
            "requires": {
                "d3-dispatch": "1",
                "d3-drag": "1",
                "d3-interpolate": "1",
                "d3-selection": "1",
                "d3-transition": "1"
            }
        },
        "d3-chord": {
            "version": "1.0.6",
            "resolved": "https://registry.npmjs.org/d3-chord/-/d3-chord-1.0.6.tgz",
            "integrity": "sha512-JXA2Dro1Fxw9rJe33Uv+Ckr5IrAa74TlfDEhE/jfLOaXegMQFQTAgAw9WnZL8+HxVBRXaRGCkrNU7pJeylRIuA==",
            "requires": {
                "d3-array": "1",
                "d3-path": "1"
            }
        },
        "d3-collection": {
            "version": "1.0.7",
            "resolved": "https://registry.npmjs.org/d3-collection/-/d3-collection-1.0.7.tgz",
            "integrity": "sha512-ii0/r5f4sjKNTfh84Di+DpztYwqKhEyUlKoPrzUFfeSkWxjW49xU2QzO9qrPrNkpdI0XJkfzvmTu8V2Zylln6A=="
        },
        "d3-color": {
            "version": "1.3.0",
            "resolved": "https://registry.npmjs.org/d3-color/-/d3-color-1.3.0.tgz",
            "integrity": "sha512-NHODMBlj59xPAwl2BDiO2Mog6V+PrGRtBfWKqKRrs9MCqlSkIEb0Z/SfY7jW29ReHTDC/j+vwXhnZcXI3+3fbg=="
        },
        "d3-contour": {
            "version": "1.3.2",
            "resolved": "https://registry.npmjs.org/d3-contour/-/d3-contour-1.3.2.tgz",
            "integrity": "sha512-hoPp4K/rJCu0ladiH6zmJUEz6+u3lgR+GSm/QdM2BBvDraU39Vr7YdDCicJcxP1z8i9B/2dJLgDC1NcvlF8WCg==",
            "requires": {
                "d3-array": "^1.1.1"
            }
        },
        "d3-dispatch": {
            "version": "1.0.5",
            "resolved": "https://registry.npmjs.org/d3-dispatch/-/d3-dispatch-1.0.5.tgz",
            "integrity": "sha512-vwKx+lAqB1UuCeklr6Jh1bvC4SZgbSqbkGBLClItFBIYH4vqDJCA7qfoy14lXmJdnBOdxndAMxjCbImJYW7e6g=="
        },
        "d3-drag": {
            "version": "1.2.4",
            "resolved": "https://registry.npmjs.org/d3-drag/-/d3-drag-1.2.4.tgz",
            "integrity": "sha512-ICPurDETFAelF1CTHdIyiUM4PsyZLaM+7oIBhmyP+cuVjze5vDZ8V//LdOFjg0jGnFIZD/Sfmk0r95PSiu78rw==",
            "requires": {
                "d3-dispatch": "1",
                "d3-selection": "1"
            }
        },
        "d3-dsv": {
            "version": "1.1.1",
            "resolved": "https://registry.npmjs.org/d3-dsv/-/d3-dsv-1.1.1.tgz",
            "integrity": "sha512-1EH1oRGSkeDUlDRbhsFytAXU6cAmXFzc52YUe6MRlPClmWb85MP1J5x+YJRzya4ynZWnbELdSAvATFW/MbxaXw==",
            "requires": {
                "commander": "2",
                "iconv-lite": "0.4",
                "rw": "1"
            }
        },
        "d3-ease": {
            "version": "1.0.5",
            "resolved": "https://registry.npmjs.org/d3-ease/-/d3-ease-1.0.5.tgz",
            "integrity": "sha512-Ct1O//ly5y5lFM9YTdu+ygq7LleSgSE4oj7vUt9tPLHUi8VCV7QoizGpdWRWAwCO9LdYzIrQDg97+hGVdsSGPQ=="
        },
        "d3-fetch": {
            "version": "1.1.2",
            "resolved": "https://registry.npmjs.org/d3-fetch/-/d3-fetch-1.1.2.tgz",
            "integrity": "sha512-S2loaQCV/ZeyTyIF2oP8D1K9Z4QizUzW7cWeAOAS4U88qOt3Ucf6GsmgthuYSdyB2HyEm4CeGvkQxWsmInsIVA==",
            "requires": {
                "d3-dsv": "1"
            }
        },
        "d3-force": {
            "version": "1.2.1",
            "resolved": "https://registry.npmjs.org/d3-force/-/d3-force-1.2.1.tgz",
            "integrity": "sha512-HHvehyaiUlVo5CxBJ0yF/xny4xoaxFxDnBXNvNcfW9adORGZfyNF1dj6DGLKyk4Yh3brP/1h3rnDzdIAwL08zg==",
            "requires": {
                "d3-collection": "1",
                "d3-dispatch": "1",
                "d3-quadtree": "1",
                "d3-timer": "1"
            }
        },
        "d3-format": {
            "version": "1.4.1",
            "resolved": "https://registry.npmjs.org/d3-format/-/d3-format-1.4.1.tgz",
            "integrity": "sha512-TUswGe6hfguUX1CtKxyG2nymO+1lyThbkS1ifLX0Sr+dOQtAD5gkrffpHnx+yHNKUZ0Bmg5T4AjUQwugPDrm0g=="
        },
        "d3-geo": {
            "version": "1.11.6",
            "resolved": "https://registry.npmjs.org/d3-geo/-/d3-geo-1.11.6.tgz",
            "integrity": "sha512-z0J8InXR9e9wcgNtmVnPTj0TU8nhYT6lD/ak9may2PdKqXIeHUr8UbFLoCtrPYNsjv6YaLvSDQVl578k6nm7GA==",
            "requires": {
                "d3-array": "1"
            }
        },
        "d3-hierarchy": {
            "version": "1.1.8",
            "resolved": "https://registry.npmjs.org/d3-hierarchy/-/d3-hierarchy-1.1.8.tgz",
            "integrity": "sha512-L+GHMSZNwTpiq4rt9GEsNcpLa4M96lXMR8M/nMG9p5hBE0jy6C+3hWtyZMenPQdwla249iJy7Nx0uKt3n+u9+w=="
        },
        "d3-interpolate": {
            "version": "1.3.2",
            "resolved": "https://registry.npmjs.org/d3-interpolate/-/d3-interpolate-1.3.2.tgz",
            "integrity": "sha512-NlNKGopqaz9qM1PXh9gBF1KSCVh+jSFErrSlD/4hybwoNX/gt1d8CDbDW+3i+5UOHhjC6s6nMvRxcuoMVNgL2w==",
            "requires": {
                "d3-color": "1"
            }
        },
        "d3-path": {
            "version": "1.0.8",
            "resolved": "https://registry.npmjs.org/d3-path/-/d3-path-1.0.8.tgz",
            "integrity": "sha512-J6EfUNwcMQ+aM5YPOB8ZbgAZu6wc82f/0WFxrxwV6Ll8wBwLaHLKCqQ5Imub02JriCVVdPjgI+6P3a4EWJCxAg=="
        },
        "d3-polygon": {
            "version": "1.0.5",
            "resolved": "https://registry.npmjs.org/d3-polygon/-/d3-polygon-1.0.5.tgz",
            "integrity": "sha512-RHhh1ZUJZfhgoqzWWuRhzQJvO7LavchhitSTHGu9oj6uuLFzYZVeBzaWTQ2qSO6bz2w55RMoOCf0MsLCDB6e0w=="
        },
        "d3-quadtree": {
            "version": "1.0.6",
            "resolved": "https://registry.npmjs.org/d3-quadtree/-/d3-quadtree-1.0.6.tgz",
            "integrity": "sha512-NUgeo9G+ENQCQ1LsRr2qJg3MQ4DJvxcDNCiohdJGHt5gRhBW6orIB5m5FJ9kK3HNL8g9F4ERVoBzcEwQBfXWVA=="
        },
        "d3-random": {
            "version": "1.1.2",
            "resolved": "https://registry.npmjs.org/d3-random/-/d3-random-1.1.2.tgz",
            "integrity": "sha512-6AK5BNpIFqP+cx/sreKzNjWbwZQCSUatxq+pPRmFIQaWuoD+NrbVWw7YWpHiXpCQ/NanKdtGDuB+VQcZDaEmYQ=="
        },
        "d3-scale": {
            "version": "2.2.2",
            "resolved": "https://registry.npmjs.org/d3-scale/-/d3-scale-2.2.2.tgz",
            "integrity": "sha512-LbeEvGgIb8UMcAa0EATLNX0lelKWGYDQiPdHj+gLblGVhGLyNbaCn3EvrJf0A3Y/uOOU5aD6MTh5ZFCdEwGiCw==",
            "requires": {
                "d3-array": "^1.2.0",
                "d3-collection": "1",
                "d3-format": "1",
                "d3-interpolate": "1",
                "d3-time": "1",
                "d3-time-format": "2"
            }
        },
        "d3-scale-chromatic": {
            "version": "1.5.0",
            "resolved": "https://registry.npmjs.org/d3-scale-chromatic/-/d3-scale-chromatic-1.5.0.tgz",
            "integrity": "sha512-ACcL46DYImpRFMBcpk9HhtIyC7bTBR4fNOPxwVSl0LfulDAwyiHyPOTqcDG1+t5d4P9W7t/2NAuWu59aKko/cg==",
            "requires": {
                "d3-color": "1",
                "d3-interpolate": "1"
            }
        },
        "d3-selection": {
            "version": "1.4.0",
            "resolved": "https://registry.npmjs.org/d3-selection/-/d3-selection-1.4.0.tgz",
            "integrity": "sha512-EYVwBxQGEjLCKF2pJ4+yrErskDnz5v403qvAid96cNdCMr8rmCYfY5RGzWz24mdIbxmDf6/4EAH+K9xperD5jg=="
        },
        "d3-shape": {
            "version": "1.3.5",
            "resolved": "https://registry.npmjs.org/d3-shape/-/d3-shape-1.3.5.tgz",
            "integrity": "sha512-VKazVR3phgD+MUCldapHD7P9kcrvPcexeX/PkMJmkUov4JM8IxsSg1DvbYoYich9AtdTsa5nNk2++ImPiDiSxg==",
            "requires": {
                "d3-path": "1"
            }
        },
        "d3-time": {
            "version": "1.0.11",
            "resolved": "https://registry.npmjs.org/d3-time/-/d3-time-1.0.11.tgz",
            "integrity": "sha512-Z3wpvhPLW4vEScGeIMUckDW7+3hWKOQfAWg/U7PlWBnQmeKQ00gCUsTtWSYulrKNA7ta8hJ+xXc6MHrMuITwEw=="
        },
        "d3-time-format": {
            "version": "2.1.3",
            "resolved": "https://registry.npmjs.org/d3-time-format/-/d3-time-format-2.1.3.tgz",
            "integrity": "sha512-6k0a2rZryzGm5Ihx+aFMuO1GgelgIz+7HhB4PH4OEndD5q2zGn1mDfRdNrulspOfR6JXkb2sThhDK41CSK85QA==",
            "requires": {
                "d3-time": "1"
            }
        },
        "d3-timer": {
            "version": "1.0.9",
            "resolved": "https://registry.npmjs.org/d3-timer/-/d3-timer-1.0.9.tgz",
            "integrity": "sha512-rT34J5HnQUHhcLvhSB9GjCkN0Ddd5Y8nCwDBG2u6wQEeYxT/Lf51fTFFkldeib/sE/J0clIe0pnCfs6g/lRbyg=="
        },
        "d3-transition": {
            "version": "1.2.0",
            "resolved": "https://registry.npmjs.org/d3-transition/-/d3-transition-1.2.0.tgz",
            "integrity": "sha512-VJ7cmX/FPIPJYuaL2r1o1EMHLttvoIuZhhuAlRoOxDzogV8iQS6jYulDm3xEU3TqL80IZIhI551/ebmCMrkvhw==",
            "requires": {
                "d3-color": "1",
                "d3-dispatch": "1",
                "d3-ease": "1",
                "d3-interpolate": "1",
                "d3-selection": "^1.1.0",
                "d3-timer": "1"
            }
        },
        "d3-voronoi": {
            "version": "1.1.4",
            "resolved": "https://registry.npmjs.org/d3-voronoi/-/d3-voronoi-1.1.4.tgz",
            "integrity": "sha512-dArJ32hchFsrQ8uMiTBLq256MpnZjeuBtdHpaDlYuQyjU0CVzCJl/BVW+SkszaAeH95D/8gxqAhgx0ouAWAfRg=="
        },
        "d3-zoom": {
            "version": "1.8.3",
            "resolved": "https://registry.npmjs.org/d3-zoom/-/d3-zoom-1.8.3.tgz",
            "integrity": "sha512-VoLXTK4wvy1a0JpH2Il+F2CiOhVu7VRXWF5M/LroMIh3/zBAC3WAt7QoIvPibOavVo20hN6/37vwAsdBejLyKQ==",
            "requires": {
                "d3-dispatch": "1",
                "d3-drag": "1",
                "d3-interpolate": "1",
                "d3-selection": "1",
                "d3-transition": "1"
            }
        },
        "esprima": {
            "version": "3.0.0",
            "resolved": "https://registry.npmjs.org/esprima/-/esprima-3.0.0.tgz",
            "integrity": "sha1-U88kes2ncxPlUcOqLnM0LT+099k="
        },
        "humanize": {
            "version": "0.0.9",
            "resolved": "https://registry.npmjs.org/humanize/-/humanize-0.0.9.tgz",
            "integrity": "sha1-GZT/rs3+nEQe0r2sdFK3u0yeQaQ="
        },
        "iconv-lite": {
            "version": "0.4.24",
            "resolved": "https://registry.npmjs.org/iconv-lite/-/iconv-lite-0.4.24.tgz",
            "integrity": "sha512-v3MXnZAcvnywkTUEZomIActle7RXXeedOR31wwl7VlyoXO4Qi9arvSenNQWne1TcRwhCL1HwLI21bEqdpj8/rA==",
            "requires": {
                "safer-buffer": ">= 2.1.2 < 3"
            }
        },
        "jquery": {
            "version": "3.4.1",
            "resolved": "https://registry.npmjs.org/jquery/-/jquery-3.4.1.tgz",
            "integrity": "sha512-36+AdBzCL+y6qjw5Tx7HgzeGCzC81MDDgaUP8ld2zhx58HdqXGoBd+tHdrBMiyjGQs0Hxs/MLZTu/eHNJJuWPw=="
        },
        "lodash": {
            "version": "4.17.15",
            "resolved": "https://registry.npmjs.org/lodash/-/lodash-4.17.15.tgz",
            "integrity": "sha512-8xOcRHvCjnocdS5cpwXQXVzmmh5e5+saE2QGoeQmbKmRS6J3VQppPOIt0MnmE+4xlZoumy0GPG0D0MVIQbNA1A=="
        },
        "lzjs": {
            "version": "1.3.0",
            "resolved": "https://registry.npmjs.org/lzjs/-/lzjs-1.3.0.tgz",
            "integrity": "sha1-I1qHqN0LfQj8lwRNkiwzckZiRFg="
        },
        "microplugin": {
            "version": "0.0.3",
            "resolved": "https://registry.npmjs.org/microplugin/-/microplugin-0.0.3.tgz",
            "integrity": "sha1-H8Lhu3yeGegr2Eu6kTe75xJQ2M0="
        },
        "minimist": {
            "version": "0.0.10",
            "resolved": "https://registry.npmjs.org/minimist/-/minimist-0.0.10.tgz",
            "integrity": "sha1-3j+YVD2/lggr5IrRoMfNqDYwHc8="
        },
        "optimist": {
            "version": "0.6.1",
            "resolved": "https://registry.npmjs.org/optimist/-/optimist-0.6.1.tgz",
            "integrity": "sha1-2j6nRob6IaGaERwybpDrFaAZZoY=",
            "requires": {
                "minimist": "~0.0.1",
                "wordwrap": "~0.0.2"
            }
        },
        "redeyed": {
            "version": "1.0.1",
            "resolved": "https://registry.npmjs.org/redeyed/-/redeyed-1.0.1.tgz",
            "integrity": "sha1-6WwZO0DAgWsArshCaY5hGF5VSYo=",
            "requires": {
                "esprima": "~3.0.0"
            }
        },
        "rw": {
            "version": "1.3.3",
            "resolved": "https://registry.npmjs.org/rw/-/rw-1.3.3.tgz",
            "integrity": "sha1-P4Yt+pGrdmsUiF700BEkv9oHT7Q="
        },
        "safer-buffer": {
            "version": "2.1.2",
            "resolved": "https://registry.npmjs.org/safer-buffer/-/safer-buffer-2.1.2.tgz",
            "integrity": "sha512-YZo3K82SD7Riyi0E1EQPojLz7kpepnSQI9IyPbHHg1XXXevb5dJI7tpyN2ADxGcQbHG7vcyRHk0cbwqcQriUtg=="
        },
        "selectize": {
            "version": "0.12.6",
            "resolved": "https://registry.npmjs.org/selectize/-/selectize-0.12.6.tgz",
            "integrity": "sha512-bWO5A7G+I8+QXyjLfQUgh31VI4WKYagUZQxAXlDyUmDDNrFxrASV0W9hxCOl0XJ/XQ1dZEu3G9HjXV4Wj0yb6w==",
            "requires": {
                "microplugin": "0.0.3",
                "sifter": "^0.5.1"
            }
        },
        "sifter": {
            "version": "0.5.3",
            "resolved": "https://registry.npmjs.org/sifter/-/sifter-0.5.3.tgz",
            "integrity": "sha1-XmUH/owRSyso2Qtr9OW2NuYR5Is=",
            "requires": {
                "async": "^2.6.0",
                "cardinal": "^1.0.0",
                "csv-parse": "^2.0.0",
                "humanize": "^0.0.9",
                "optimist": "^0.6.1"
            }
        },
        "sprintf.js": {
            "version": "0.1.4",
            "resolved": "https://registry.npmjs.org/sprintf.js/-/sprintf.js-0.1.4.tgz",
            "integrity": "sha1-FNxfscHeOZ1O3C78RndOWxQOEes="
        },
        "string-similarity": {
            "version": "3.0.0",
            "resolved": "https://registry.npmjs.org/string-similarity/-/string-similarity-3.0.0.tgz",
            "integrity": "sha512-7kS7LyTp56OqOI2BDWQNVnLX/rCxIQn+/5M0op1WV6P8Xx6TZNdajpuqQdiJ7Xx+p1C5CsWMvdiBp9ApMhxzEQ=="
        },
        "text-diff": {
            "version": "1.0.1",
            "resolved": "https://registry.npmjs.org/text-diff/-/text-diff-1.0.1.tgz",
            "integrity": "sha1-bBBZBUNeM3hXN1ydL2ymPkU/9WU="
        },
        "underscore": {
            "version": "1.9.1",
            "resolved": "https://registry.npmjs.org/underscore/-/underscore-1.9.1.tgz",
            "integrity": "sha512-5/4etnCkd9c8gwgowi5/om/mYO5ajCaOgdzj/oW+0eQV9WxKBDZw5+ycmKmeaTXjInS/W0BzpGLo2xR2aBwZdg=="
        },
        "wordwrap": {
            "version": "0.0.3",
            "resolved": "https://registry.npmjs.org/wordwrap/-/wordwrap-0.0.3.tgz",
            "integrity": "sha1-o9XabNXAvAAI03I0u68b7WMFkQc="
        }
    }
}
